{
  "name": "bikram-site",
  "lockfileVersion": 3,
  "requires": true,
  "packages": {
    "": {
      "dependencies": {
        "@sentry/browser": "^10.62.0"
      },
      "devDependencies": {
        "@playwright/test": "^1.54.0"
      }
    },
    "node_modules/@playwright/test": {
      "version": "1.60.0",
      "resolved": "https://registry.npmjs.org/@playwright/test/-/test-1.60.0.tgz",
      "integrity": "sha512-O71yZIbAh/PxDMNGns37GHBIfrVkEVyn+AXyIa5dOTfb4/xNvRWV+Vv/NMbNCtODB/pO7vLlF2OTmMVLhmr7Ag==",
      "dev": true,
      "license": "Apache-2.0",
      "dependencies": {
        "playwright": "1.60.0"
      },
      "bin": {
        "playwright": "cli.js"
      },
      "engines": {
        "node": ">=18"
      }
    },
    "node_modules/@sentry/browser": {
      "version": "10.62.0",
      "resolved": "https://registry.npmjs.org/@sentry/browser/-/browser-10.62.0.tgz",
      "integrity": "sha512-uJi0yPssB3Nt/cZ8/S8opW42gaM59/6IyNtPFYD7C0ciudi/nIo5QMVpCYBBI3jnKFOIQLlsMT4pDlOLuxxNuQ==",
      "license": "MIT",
      "dependencies": {
        "@sentry/browser-utils": "10.62.0",
        "@sentry/core": "10.62.0",
        "@sentry/feedback": "10.62.0",
        "@sentry/replay": "10.62.0",
        "@sentry/replay-canvas": "10.62.0"
      },
      "engines": {
        "node": ">=18"
      }
    },
    "node_modules/@sentry/browser-utils": {
      "version": "10.62.0",
      "resolved": "https://registry.npmjs.org/@sentry/browser-utils/-/browser-utils-10.62.0.tgz",
      "integrity": "sha512-mS9HVVuWIdye9o0xUGFmzNOBqktF4n5kugrF8NCOYYDrr5ZV8Cx7BlquHQn5UpCeViVhZtcDlEm4iOK7++Px7A==",
      "license": "MIT",
      "dependencies": {
        "@sentry/core": "10.62.0"
      },
      "engines": {
        "node": ">=18"
      }
    },
    "node_modules/@sentry/core": {
      "version": "10.62.0",
      "resolved": "https://registry.npmjs.org/@sentry/core/-/core-10.62.0.tgz",
      "integrity": "sha512-tV69fMg2sS5DUFmQSnS7Jd5qJAp0izxwcsvBVz2ieTM9VMRi99IfOSYW9UYr3p1yfuksk41kefN5PEbeedUE+A==",
      "license": "MIT",
      "engines": {
        "node": ">=18"
      }
    },
    "node_modules/@sentry/feedback": {
      "version": "10.62.0",
      "resolved": "https://registry.npmjs.org/@sentry/feedback/-/feedback-10.62.0.tgz",
      "integrity": "sha512-d0BVjJVny6qpBgGJgWL0fbcoQHjtD3z3R8EK/KzTS3RO92JX5n3A536n5D/rh0gZFgcIwiUzBXegmyPOSQn9ng==",
      "license": "MIT",
      "dependencies": {
        "@sentry/core": "10.62.0"
      },
      "engines": {
        "node": ">=18"
      }
    },
    "node_modules/@sentry/replay": {
      "version": "10.62.0",
      "resolved": "https://registry.npmjs.org/@sentry/replay/-/replay-10.62.0.tgz",
      "integrity": "sha512-rWp4hBhZOmdQhisxcKzAwTGiRk/LvWnNaElWe7nbRhjsM/usp2095yfjq4iJ47v9MtO7xxY6eUz++fLBycqXKg==",
      "license": "MIT",
      "dependencies": {
        "@sentry/browser-utils": "10.62.0",
        "@sentry/core": "10.62.0"
      },
      "engines": {
        "node": ">=18"
      }
    },
    "node_modules/@sentry/replay-canvas": {
      "version": "10.62.0",
      "resolved": "https://registry.npmjs.org/@sentry/replay-canvas/-/replay-canvas-10.62.0.tgz",
      "integrity": "sha512-CzPAxmpe5US/ABGA1TzpjFKOFZN5uqlzrRh/uM9/daVuzLVKIAQ0XRNxo/PPEXvlDm/PoMdI5L0qIODuIKnyyw==",
      "license": "MIT",
      "dependencies": {
        "@sentry/core": "10.62.0",
        "@sentry/replay": "10.62.0"
      },
      "engines": {
        "node": ">=18"
      }
    },
    "node_modules/fsevents": {
      "version": "2.3.2",
      "resolved": "https://registry.npmjs.org/fsevents/-/fsevents-2.3.2.tgz",
      "integrity": "sha512-xiqMQR4xAeHTuB9uWm+fFRcIOgKBMiOBP+eXiyT7jsgVCq1bkVygt00oASowB7EdtpOHaaPgKt812P9ab+DDKA==",
      "dev": true,
      "hasInstallScript": true,
      "license": "MIT",
      "optional": true,
      "os": [
        "darwin"
      ],
      "engines": {
        "node": "^8.16.0 || ^10.6.0 || >=11.0.0"
      }
    },
    "node_modules/playwright": {
      "version": "1.60.0",
      "resolved": "https://registry.npmjs.org/playwright/-/playwright-1.60.0.tgz",
      "integrity": "sha512-hheHdokM8cdqCb0lcE3s+zT4t4W+vvjpGxsZlDnikarzx8tSzMebh3UiFtgqwFwnTnjYQcsyMF8ei2mCO/tpeA==",
      "dev": true,
      "license": "Apache-2.0",
      "dependencies": {
        "playwright-core": "1.60.0"
      },
      "bin": {
        "playwright": "cli.js"
      },
      "engines": {
        "node": ">=18"
      },
      "optionalDependencies": {
        "fsevents": "2.3.2"
      }
    },
    "node_modules/playwright-core": {
      "version": "1.60.0",
      "resolved": "https://registry.npmjs.org/playwright-core/-/playwright-core-1.60.0.tgz",
      "integrity": "sha512-9bW6zvX/m0lEbgTKJ6YppOKx8H3VOPBMOCFh2irXFOT4BbHgrx5hPjwJYLT40Lu+4qtD36qKc/Hn56StUW57IA==",
      "dev": true,
      "license": "Apache-2.0",
      "bin": {
        "playwright-core": "cli.js"
      },
      "engines": {
        "node": ">=18"
      }
    }
  }
}
